// !$*UTF8*$!
{
	archiveVersion = 1;
	classes = {
	};
	objectVersion = 54;
	objects = {

/* Begin PBXBuildFile section */
		042FC6571B963FE500549A4B /* ogc_api_features_json_ios.framework in Frameworks */ = {isa = PBXBuildFile; fileRef = 042FC64B1B963FE500549A4B /* ogc_api_features_json_ios.framework */; };
		042FC6D31B96421E00549A4B /* ogc-api-features-json-ios-Prefix.pch in Headers */ = {isa = PBXBuildFile; fileRef = 042FC69E1B96421E00549A4B /* ogc-api-features-json-ios-Prefix.pch */; };
		042FC6D51B96453E00549A4B /* ogc_api_features_json_ios.h in Headers */ = {isa = PBXBuildFile; fileRef = 042FC6D41B96453E00549A4B /* ogc_api_features_json_ios.h */; };
		0472B51B1C03590500496B87 /* ogc-api-features-json-ios-Bridging-Header.h in Headers */ = {isa = PBXBuildFile; fileRef = 0472B51A1C03590500496B87 /* ogc-api-features-json-ios-Bridging-Header.h */; };
		0493A5A22AE9560B000B75E6 /* ogc_api_features_json_ios.swift in Sources */ = {isa = PBXBuildFile; fileRef = 0493A5A12AE9560B000B75E6 /* ogc_api_features_json_ios.swift */; };
		04E8E48E22FB6D1E001696A2 /* OAFFeaturesObject.h in Headers */ = {isa = PBXBuildFile; fileRef = 04E8E48C22FB6D1E001696A2 /* OAFFeaturesObject.h */; };
		04E8E48F22FB6D1E001696A2 /* OAFFeaturesObject.m in Sources */ = {isa = PBXBuildFile; fileRef = 04E8E48D22FB6D1E001696A2 /* OAFFeaturesObject.m */; };
		04E8E49222FB6D48001696A2 /* OAFCollection.h in Headers */ = {isa = PBXBuildFile; fileRef = 04E8E49022FB6D48001696A2 /* OAFCollection.h */; };
		04E8E49322FB6D48001696A2 /* OAFCollection.m in Sources */ = {isa = PBXBuildFile; fileRef = 04E8E49122FB6D48001696A2 /* OAFCollection.m */; };
		04E8E49622FB6D65001696A2 /* OAFCollections.h in Headers */ = {isa = PBXBuildFile; fileRef = 04E8E49422FB6D65001696A2 /* OAFCollections.h */; };
		04E8E49722FB6D65001696A2 /* OAFCollections.m in Sources */ = {isa = PBXBuildFile; fileRef = 04E8E49522FB6D65001696A2 /* OAFCollections.m */; };
		04E8E49A22FB6DA2001696A2 /* OAFCrs.h in Headers */ = {isa = PBXBuildFile; fileRef = 04E8E49822FB6DA2001696A2 /* OAFCrs.h */; };
		04E8E49B22FB6DA2001696A2 /* OAFCrs.m in Sources */ = {isa = PBXBuildFile; fileRef = 04E8E49922FB6DA2001696A2 /* OAFCrs.m */; };
		04E8E49E22FB6DC5001696A2 /* OAFExtent.h in Headers */ = {isa = PBXBuildFile; fileRef = 04E8E49C22FB6DC5001696A2 /* OAFExtent.h */; };
		04E8E49F22FB6DC5001696A2 /* OAFExtent.m in Sources */ = {isa = PBXBuildFile; fileRef = 04E8E49D22FB6DC5001696A2 /* OAFExtent.m */; };
		04E8E4A222FB6DF7001696A2 /* OAFFeatureCollection.h in Headers */ = {isa = PBXBuildFile; fileRef = 04E8E4A022FB6DF7001696A2 /* OAFFeatureCollection.h */; };
		04E8E4A322FB6DF7001696A2 /* OAFFeatureCollection.m in Sources */ = {isa = PBXBuildFile; fileRef = 04E8E4A122FB6DF7001696A2 /* OAFFeatureCollection.m */; };
		04E8E4A622FB6E16001696A2 /* OAFFeaturesConverter.h in Headers */ = {isa = PBXBuildFile; fileRef = 04E8E4A422FB6E16001696A2 /* OAFFeaturesConverter.h */; };
		04E8E4A722FB6E16001696A2 /* OAFFeaturesConverter.m in Sources */ = {isa = PBXBuildFile; fileRef = 04E8E4A522FB6E16001696A2 /* OAFFeaturesConverter.m */; };
		04E8E4AA22FB6E3A001696A2 /* OAFLink.h in Headers */ = {isa = PBXBuildFile; fileRef = 04E8E4A822FB6E3A001696A2 /* OAFLink.h */; };
		04E8E4AB22FB6E3A001696A2 /* OAFLink.m in Sources */ = {isa = PBXBuildFile; fileRef = 04E8E4A922FB6E3A001696A2 /* OAFLink.m */; };
		04E8E4AE22FB6E5D001696A2 /* OAFSpatial.h in Headers */ = {isa = PBXBuildFile; fileRef = 04E8E4AC22FB6E5D001696A2 /* OAFSpatial.h */; };
		04E8E4AF22FB6E5D001696A2 /* OAFSpatial.m in Sources */ = {isa = PBXBuildFile; fileRef = 04E8E4AD22FB6E5D001696A2 /* OAFSpatial.m */; };
		04E8E4B222FB6E89001696A2 /* OAFTemporal.h in Headers */ = {isa = PBXBuildFile; fileRef = 04E8E4B022FB6E89001696A2 /* OAFTemporal.h */; };
		04E8E4B322FB6E89001696A2 /* OAFTemporal.m in Sources */ = {isa = PBXBuildFile; fileRef = 04E8E4B122FB6E89001696A2 /* OAFTemporal.m */; };
		04E8E4B622FB6FC9001696A2 /* OAFFeaturesTest.m in Sources */ = {isa = PBXBuildFile; fileRef = 04E8E4B522FB6FC9001696A2 /* OAFFeaturesTest.m */; };
		04E8E4B922FC64E6001696A2 /* OAFTestUtils.m in Sources */ = {isa = PBXBuildFile; fileRef = 04E8E4B822FC64E6001696A2 /* OAFTestUtils.m */; };
		B4B9C5C590F6D09B45DC2BDB /* libPods-ogc-api-features-json-ios.a in Frameworks */ = {isa = PBXBuildFile; fileRef = F9A70C9172FC5893F17C0FB6 /* libPods-ogc-api-features-json-ios.a */; };
		B5D94958E350F092F31540ED /* libPods-ogc-api-features-json-iosTests.a in Frameworks */ = {isa = PBXBuildFile; fileRef = 499642A447440D35F38311C9 /* libPods-ogc-api-features-json-iosTests.a */; };
/* End PBXBuildFile section */

/* Begin PBXContainerItemProxy section */
		042FC6581B963FE500549A4B /* PBXContainerItemProxy */ = {
			isa = PBXContainerItemProxy;
			containerPortal = 042FC6421B963FE500549A4B /* Project object */;
			proxyType = 1;
			remoteGlobalIDString = 042FC64A1B963FE500549A4B;
			remoteInfo = "ogc-api-features-json-ios";
		};
/* End PBXContainerItemProxy section */

/* Begin PBXFileReference section */
		042FC64B1B963FE500549A4B /* ogc_api_features_json_ios.framework */ = {isa = PBXFileReference; explicitFileType = wrapper.framework; includeInIndex = 0; path = ogc_api_features_json_ios.framework; sourceTree = BUILT_PRODUCTS_DIR; };
		042FC64F1B963FE500549A4B /* Info.plist */ = {isa = PBXFileReference; lastKnownFileType = text.plist.xml; path = Info.plist; sourceTree = "<group>"; };
		042FC6561B963FE500549A4B /* ogc_api_features_json_iosTests.xctest */ = {isa = PBXFileReference; explicitFileType = wrapper.cfbundle; includeInIndex = 0; path = ogc_api_features_json_iosTests.xctest; sourceTree = BUILT_PRODUCTS_DIR; };
		042FC65C1B963FE500549A4B /* Info.plist */ = {isa = PBXFileReference; lastKnownFileType = text.plist.xml; path = Info.plist; sourceTree = "<group>"; };
		042FC69E1B96421E00549A4B /* ogc-api-features-json-ios-Prefix.pch */ = {isa = PBXFileReference; fileEncoding = 4; lastKnownFileType = sourcecode.c.h; path = "ogc-api-features-json-ios-Prefix.pch"; sourceTree = "<group>"; };
		042FC6D41B96453E00549A4B /* ogc_api_features_json_ios.h */ = {isa = PBXFileReference; fileEncoding = 4; lastKnownFileType = sourcecode.c.h; path = ogc_api_features_json_ios.h; sourceTree = "<group>"; };
		0472B51A1C03590500496B87 /* ogc-api-features-json-ios-Bridging-Header.h */ = {isa = PBXFileReference; fileEncoding = 4; lastKnownFileType = sourcecode.c.h; path = "ogc-api-features-json-ios-Bridging-Header.h"; sourceTree = "<group>"; };
		0493A5A12AE9560B000B75E6 /* ogc_api_features_json_ios.swift */ = {isa = PBXFileReference; lastKnownFileType = sourcecode.swift; path = ogc_api_features_json_ios.swift; sourceTree = "<group>"; };
		04E8E48C22FB6D1E001696A2 /* OAFFeaturesObject.h */ = {isa = PBXFileReference; lastKnownFileType = sourcecode.c.h; path = OAFFeaturesObject.h; sourceTree = "<group>"; };
		04E8E48D22FB6D1E001696A2 /* OAFFeaturesObject.m */ = {isa = PBXFileReference; lastKnownFileType = sourcecode.c.objc; path = OAFFeaturesObject.m; sourceTree = "<group>"; };
		04E8E49022FB6D48001696A2 /* OAFCollection.h */ = {isa = PBXFileReference; lastKnownFileType = sourcecode.c.h; path = OAFCollection.h; sourceTree = "<group>"; };
		04E8E49122FB6D48001696A2 /* OAFCollection.m */ = {isa = PBXFileReference; lastKnownFileType = sourcecode.c.objc; path = OAFCollection.m; sourceTree = "<group>"; };
		04E8E49422FB6D65001696A2 /* OAFCollections.h */ = {isa = PBXFileReference; lastKnownFileType = sourcecode.c.h; path = OAFCollections.h; sourceTree = "<group>"; };
		04E8E49522FB6D65001696A2 /* OAFCollections.m */ = {isa = PBXFileReference; lastKnownFileType = sourcecode.c.objc; path = OAFCollections.m; sourceTree = "<group>"; };
		04E8E49822FB6DA2001696A2 /* OAFCrs.h */ = {isa = PBXFileReference; lastKnownFileType = sourcecode.c.h; path = OAFCrs.h; sourceTree = "<group>"; };
		04E8E49922FB6DA2001696A2 /* OAFCrs.m */ = {isa = PBXFileReference; lastKnownFileType = sourcecode.c.objc; path = OAFCrs.m; sourceTree = "<group>"; };
		04E8E49C22FB6DC5001696A2 /* OAFExtent.h */ = {isa = PBXFileReference; lastKnownFileType = sourcecode.c.h; path = OAFExtent.h; sourceTree = "<group>"; };
		04E8E49D22FB6DC5001696A2 /* OAFExtent.m */ = {isa = PBXFileReference; lastKnownFileType = sourcecode.c.objc; path = OAFExtent.m; sourceTree = "<group>"; };
		04E8E4A022FB6DF7001696A2 /* OAFFeatureCollection.h */ = {isa = PBXFileReference; lastKnownFileType = sourcecode.c.h; path = OAFFeatureCollection.h; sourceTree = "<group>"; };
		04E8E4A122FB6DF7001696A2 /* OAFFeatureCollection.m */ = {isa = PBXFileReference; lastKnownFileType = sourcecode.c.objc; path = OAFFeatureCollection.m; sourceTree = "<group>"; };
		04E8E4A422FB6E16001696A2 /* OAFFeaturesConverter.h */ = {isa = PBXFileReference; lastKnownFileType = sourcecode.c.h; path = OAFFeaturesConverter.h; sourceTree = "<group>"; };
		04E8E4A522FB6E16001696A2 /* OAFFeaturesConverter.m */ = {isa = PBXFileReference; lastKnownFileType = sourcecode.c.objc; path = OAFFeaturesConverter.m; sourceTree = "<group>"; };
		04E8E4A822FB6E3A001696A2 /* OAFLink.h */ = {isa = PBXFileReference; lastKnownFileType = sourcecode.c.h; path = OAFLink.h; sourceTree = "<group>"; };
		04E8E4A922FB6E3A001696A2 /* OAFLink.m */ = {isa = PBXFileReference; lastKnownFileType = sourcecode.c.objc; path = OAFLink.m; sourceTree = "<group>"; };
		04E8E4AC22FB6E5D001696A2 /* OAFSpatial.h */ = {isa = PBXFileReference; lastKnownFileType = sourcecode.c.h; path = OAFSpatial.h; sourceTree = "<group>"; };
		04E8E4AD22FB6E5D001696A2 /* OAFSpatial.m */ = {isa = PBXFileReference; lastKnownFileType = sourcecode.c.objc; path = OAFSpatial.m; sourceTree = "<group>"; };
		04E8E4B022FB6E89001696A2 /* OAFTemporal.h */ = {isa = PBXFileReference; lastKnownFileType = sourcecode.c.h; path = OAFTemporal.h; sourceTree = "<group>"; };
		04E8E4B122FB6E89001696A2 /* OAFTemporal.m */ = {isa = PBXFileReference; lastKnownFileType = sourcecode.c.objc; path = OAFTemporal.m; sourceTree = "<group>"; };
		04E8E4B422FB6FC9001696A2 /* OAFFeaturesTest.h */ = {isa = PBXFileReference; lastKnownFileType = sourcecode.c.h; path = OAFFeaturesTest.h; sourceTree = "<group>"; };
		04E8E4B522FB6FC9001696A2 /* OAFFeaturesTest.m */ = {isa = PBXFileReference; lastKnownFileType = sourcecode.c.objc; path = OAFFeaturesTest.m; sourceTree = "<group>"; };
		04E8E4B722FC64E5001696A2 /* OAFTestUtils.h */ = {isa = PBXFileReference; fileEncoding = 4; lastKnownFileType = sourcecode.c.h; path = OAFTestUtils.h; sourceTree = "<group>"; };
		04E8E4B822FC64E6001696A2 /* OAFTestUtils.m */ = {isa = PBXFileReference; fileEncoding = 4; lastKnownFileType = sourcecode.c.objc; path = OAFTestUtils.m; sourceTree = "<group>"; };
		192D9E5452A64EB6A7955A5A /* Pods-ogc-api-features-json-ios.release.xcconfig */ = {isa = PBXFileReference; includeInIndex = 1; lastKnownFileType = text.xcconfig; name = "Pods-ogc-api-features-json-ios.release.xcconfig"; path = "Pods/Target Support Files/Pods-ogc-api-features-json-ios/Pods-ogc-api-features-json-ios.release.xcconfig"; sourceTree = "<group>"; };
		457018C9103A514A78925D9E /* Pods-ogc-api-features-json-ios.debug.xcconfig */ = {isa = PBXFileReference; includeInIndex = 1; lastKnownFileType = text.xcconfig; name = "Pods-ogc-api-features-json-ios.debug.xcconfig"; path = "Pods/Target Support Files/Pods-ogc-api-features-json-ios/Pods-ogc-api-features-json-ios.debug.xcconfig"; sourceTree = "<group>"; };
		499642A447440D35F38311C9 /* libPods-ogc-api-features-json-iosTests.a */ = {isa = PBXFileReference; explicitFileType = archive.ar; includeInIndex = 0; path = "libPods-ogc-api-features-json-iosTests.a"; sourceTree = BUILT_PRODUCTS_DIR; };
		6179C77188B4A0E8D4DEDBEB /* Pods-ogc-api-features-json-iosTests.debug.xcconfig */ = {isa = PBXFileReference; includeInIndex = 1; lastKnownFileType = text.xcconfig; name = "Pods-ogc-api-features-json-iosTests.debug.xcconfig"; path = "Pods/Target Support Files/Pods-ogc-api-features-json-iosTests/Pods-ogc-api-features-json-iosTests.debug.xcconfig"; sourceTree = "<group>"; };
		B17E59AE80997CC09DD740D6 /* Pods-ogc-api-features-json-iosTests.release.xcconfig */ = {isa = PBXFileReference; includeInIndex = 1; lastKnownFileType = text.xcconfig; name = "Pods-ogc-api-features-json-iosTests.release.xcconfig"; path = "Pods/Target Support Files/Pods-ogc-api-features-json-iosTests/Pods-ogc-api-features-json-iosTests.release.xcconfig"; sourceTree = "<group>"; };
		F9A70C9172FC5893F17C0FB6 /* libPods-ogc-api-features-json-ios.a */ = {isa = PBXFileReference; explicitFileType = archive.ar; includeInIndex = 0; path = "libPods-ogc-api-features-json-ios.a"; sourceTree = BUILT_PRODUCTS_DIR; };
/* End PBXFileReference section */

/* Begin PBXFrameworksBuildPhase section */
		042FC6471B963FE500549A4B /* Frameworks */ = {
			isa = PBXFrameworksBuildPhase;
			buildActionMask = 2147483647;
			files = (
				B4B9C5C590F6D09B45DC2BDB /* libPods-ogc-api-features-json-ios.a in Frameworks */,
			);
			runOnlyForDeploymentPostprocessing = 0;
		};
		042FC6531B963FE500549A4B /* Frameworks */ = {
			isa = PBXFrameworksBuildPhase;
			buildActionMask = 2147483647;
			files = (
				042FC6571B963FE500549A4B /* ogc_api_features_json_ios.framework in Frameworks */,
				B5D94958E350F092F31540ED /* libPods-ogc-api-features-json-iosTests.a in Frameworks */,
			);
			runOnlyForDeploymentPostprocessing = 0;
		};
/* End PBXFrameworksBuildPhase section */

/* Begin PBXGroup section */
		042FC6411B963FE500549A4B = {
			isa = PBXGroup;
			children = (
				042FC64D1B963FE500549A4B /* ogc-api-features-json-ios */,
				042FC65A1B963FE500549A4B /* ogc-api-features-json-iosTests */,
				042FC64C1B963FE500549A4B /* Products */,
				987AE7974D8B4ECED7B3FB6B /* Pods */,
				63206AE083C9F99B2058A9EE /* Frameworks */,
			);
			sourceTree = "<group>";
		};
		042FC64C1B963FE500549A4B /* Products */ = {
			isa = PBXGroup;
			children = (
				042FC64B1B963FE500549A4B /* ogc_api_features_json_ios.framework */,
				042FC6561B963FE500549A4B /* ogc_api_features_json_iosTests.xctest */,
			);
			name = Products;
			sourceTree = "<group>";
		};
		042FC64D1B963FE500549A4B /* ogc-api-features-json-ios */ = {
			isa = PBXGroup;
			children = (
				042FC6D41B96453E00549A4B /* ogc_api_features_json_ios.h */,
				0493A5A12AE9560B000B75E6 /* ogc_api_features_json_ios.swift */,
				042FC69E1B96421E00549A4B /* ogc-api-features-json-ios-Prefix.pch */,
				04E8E49022FB6D48001696A2 /* OAFCollection.h */,
				04E8E49122FB6D48001696A2 /* OAFCollection.m */,
				04E8E49422FB6D65001696A2 /* OAFCollections.h */,
				04E8E49522FB6D65001696A2 /* OAFCollections.m */,
				04E8E49822FB6DA2001696A2 /* OAFCrs.h */,
				04E8E49922FB6DA2001696A2 /* OAFCrs.m */,
				04E8E49C22FB6DC5001696A2 /* OAFExtent.h */,
				04E8E49D22FB6DC5001696A2 /* OAFExtent.m */,
				04E8E4A022FB6DF7001696A2 /* OAFFeatureCollection.h */,
				04E8E4A122FB6DF7001696A2 /* OAFFeatureCollection.m */,
				04E8E4A422FB6E16001696A2 /* OAFFeaturesConverter.h */,
				04E8E4A522FB6E16001696A2 /* OAFFeaturesConverter.m */,
				04E8E48C22FB6D1E001696A2 /* OAFFeaturesObject.h */,
				04E8E48D22FB6D1E001696A2 /* OAFFeaturesObject.m */,
				04E8E4A822FB6E3A001696A2 /* OAFLink.h */,
				04E8E4A922FB6E3A001696A2 /* OAFLink.m */,
				04E8E4AC22FB6E5D001696A2 /* OAFSpatial.h */,
				04E8E4AD22FB6E5D001696A2 /* OAFSpatial.m */,
				04E8E4B022FB6E89001696A2 /* OAFTemporal.h */,
				04E8E4B122FB6E89001696A2 /* OAFTemporal.m */,
				042FC64E1B963FE500549A4B /* Supporting Files */,
				0472B51A1C03590500496B87 /* ogc-api-features-json-ios-Bridging-Header.h */,
			);
			path = "ogc-api-features-json-ios";
			sourceTree = "<group>";
		};
		042FC64E1B963FE500549A4B /* Supporting Files */ = {
			isa = PBXGroup;
			children = (
				042FC64F1B963FE500549A4B /* Info.plist */,
			);
			name = "Supporting Files";
			sourceTree = "<group>";
		};
		042FC65A1B963FE500549A4B /* ogc-api-features-json-iosTests */ = {
			isa = PBXGroup;
			children = (
				04E8E4B722FC64E5001696A2 /* OAFTestUtils.h */,
				04E8E4B822FC64E6001696A2 /* OAFTestUtils.m */,
				04E8E4B422FB6FC9001696A2 /* OAFFeaturesTest.h */,
				04E8E4B522FB6FC9001696A2 /* OAFFeaturesTest.m */,
				042FC65B1B963FE500549A4B /* Supporting Files */,
			);
			path = "ogc-api-features-json-iosTests";
			sourceTree = "<group>";
		};
		042FC65B1B963FE500549A4B /* Supporting Files */ = {
			isa = PBXGroup;
			children = (
				042FC65C1B963FE500549A4B /* Info.plist */,
			);
			name = "Supporting Files";
			sourceTree = "<group>";
		};
		63206AE083C9F99B2058A9EE /* Frameworks */ = {
			isa = PBXGroup;
			children = (
				499642A447440D35F38311C9 /* libPods-ogc-api-features-json-iosTests.a */,
				F9A70C9172FC5893F17C0FB6 /* libPods-ogc-api-features-json-ios.a */,
			);
			name = Frameworks;
			sourceTree = "<group>";
		};
		987AE7974D8B4ECED7B3FB6B /* Pods */ = {
			isa = PBXGroup;
			children = (
				6179C77188B4A0E8D4DEDBEB /* Pods-ogc-api-features-json-iosTests.debug.xcconfig */,
				B17E59AE80997CC09DD740D6 /* Pods-ogc-api-features-json-iosTests.release.xcconfig */,
				457018C9103A514A78925D9E /* Pods-ogc-api-features-json-ios.debug.xcconfig */,
				192D9E5452A64EB6A7955A5A /* Pods-ogc-api-features-json-ios.release.xcconfig */,
			);
			name = Pods;
			sourceTree = "<group>";
		};
/* End PBXGroup section */

/* Begin PBXHeadersBuildPhase section */
		042FC6481B963FE500549A4B /* Headers */ = {
			isa = PBXHeadersBuildPhase;
			buildActionMask = 2147483647;
			files = (
				04E8E49A22FB6DA2001696A2 /* OAFCrs.h in Headers */,
				0472B51B1C03590500496B87 /* ogc-api-features-json-ios-Bridging-Header.h in Headers */,
				04E8E49622FB6D65001696A2 /* OAFCollections.h in Headers */,
				04E8E48E22FB6D1E001696A2 /* OAFFeaturesObject.h in Headers */,
				042FC6D51B96453E00549A4B /* ogc_api_features_json_ios.h in Headers */,
				042FC6D31B96421E00549A4B /* ogc-api-features-json-ios-Prefix.pch in Headers */,
				04E8E4A222FB6DF7001696A2 /* OAFFeatureCollection.h in Headers */,
				04E8E4AA22FB6E3A001696A2 /* OAFLink.h in Headers */,
				04E8E4A622FB6E16001696A2 /* OAFFeaturesConverter.h in Headers */,
				04E8E49222FB6D48001696A2 /* OAFCollection.h in Headers */,
				04E8E4AE22FB6E5D001696A2 /* OAFSpatial.h in Headers */,
				04E8E4B222FB6E89001696A2 /* OAFTemporal.h in Headers */,
				04E8E49E22FB6DC5001696A2 /* OAFExtent.h in Headers */,
			);
			runOnlyForDeploymentPostprocessing = 0;
		};
/* End PBXHeadersBuildPhase section */

/* Begin PBXNativeTarget section */
		042FC64A1B963FE500549A4B /* ogc-api-features-json-ios */ = {
			isa = PBXNativeTarget;
			buildConfigurationList = 042FC6611B963FE500549A4B /* Build configuration list for PBXNativeTarget "ogc-api-features-json-ios" */;
			buildPhases = (
				61CC2D3C723ED627843718C0 /* [CP] Check Pods Manifest.lock */,
				042FC6461B963FE500549A4B /* Sources */,
				042FC6471B963FE500549A4B /* Frameworks */,
				042FC6481B963FE500549A4B /* Headers */,
				042FC6491B963FE500549A4B /* Resources */,
			);
			buildRules = (
			);
			dependencies = (
			);
			name = "ogc-api-features-json-ios";
			productName = "ogc-api-features-json-ios";
			productReference = 042FC64B1B963FE500549A4B /* ogc_api_features_json_ios.framework */;
			productType = "com.apple.product-type.framework";
		};
		042FC6551B963FE500549A4B /* ogc-api-features-json-iosTests */ = {
			isa = PBXNativeTarget;
			buildConfigurationList = 042FC6641B963FE500549A4B /* Build configuration list for PBXNativeTarget "ogc-api-features-json-iosTests" */;
			buildPhases = (
				A047BB626AE642B283582B82 /* [CP] Check Pods Manifest.lock */,
				042FC6521B963FE500549A4B /* Sources */,
				042FC6531B963FE500549A4B /* Frameworks */,
				042FC6541B963FE500549A4B /* Resources */,
			);
			buildRules = (
			);
			dependencies = (
				042FC6591B963FE500549A4B /* PBXTargetDependency */,
			);
			name = "ogc-api-features-json-iosTests";
			productName = "ogc-api-features-json-iosTests";
			productReference = 042FC6561B963FE500549A4B /* ogc_api_features_json_iosTests.xctest */;
			productType = "com.apple.product-type.bundle.unit-test";
		};
/* End PBXNativeTarget section */

/* Begin PBXProject section */
		042FC6421B963FE500549A4B /* Project object */ = {
			isa = PBXProject;
			attributes = {
				BuildIndependentTargetsInParallel = YES;
				LastUpgradeCheck = 1500;
				ORGANIZATIONNAME = NGA;
				TargetAttributes = {
					042FC64A1B963FE500549A4B = {
						CreatedOnToolsVersion = 6.4;
						LastSwiftMigration = 1500;
					};
					042FC6551B963FE500549A4B = {
						CreatedOnToolsVersion = 6.4;
					};
				};
			};
			buildConfigurationList = 042FC6451B963FE500549A4B /* Build configuration list for PBXProject "ogc-api-features-json-ios" */;
			compatibilityVersion = "Xcode 3.2";
			developmentRegion = en;
			hasScannedForEncodings = 0;
			knownRegions = (
				en,
				Base,
			);
			mainGroup = 042FC6411B963FE500549A4B;
			productRefGroup = 042FC64C1B963FE500549A4B /* Products */;
			projectDirPath = "";
			projectRoot = "";
			targets = (
				042FC64A1B963FE500549A4B /* ogc-api-features-json-ios */,
				042FC6551B963FE500549A4B /* ogc-api-features-json-iosTests */,
			);
		};
/* End PBXProject section */

/* Begin PBXResourcesBuildPhase section */
		042FC6491B963FE500549A4B /* Resources */ = {
			isa = PBXResourcesBuildPhase;
			buildActionMask = 2147483647;
			files = (
			);
			runOnlyForDeploymentPostprocessing = 0;
		};
		042FC6541B963FE500549A4B /* Resources */ = {
			isa = PBXResourcesBuildPhase;
			buildActionMask = 2147483647;
			files = (
			);
			runOnlyForDeploymentPostprocessing = 0;
		};
/* End PBXResourcesBuildPhase section */

/* Begin PBXShellScriptBuildPhase section */
		61CC2D3C723ED627843718C0 /* [CP] Check Pods Manifest.lock */ = {
			isa = PBXShellScriptBuildPhase;
			buildActionMask = 2147483647;
			files = (
			);
			inputPaths = (
				"${PODS_PODFILE_DIR_PATH}/Podfile.lock",
				"${PODS_ROOT}/Manifest.lock",
			);
			name = "[CP] Check Pods Manifest.lock";
			outputPaths = (
				"$(DERIVED_FILE_DIR)/Pods-ogc-api-features-json-ios-checkManifestLockResult.txt",
			);
			runOnlyForDeploymentPostprocessing = 0;
			shellPath = /bin/sh;
			shellScript = "diff \"${PODS_PODFILE_DIR_PATH}/Podfile.lock\" \"${PODS_ROOT}/Manifest.lock\" > /dev/null\nif [ $? != 0 ] ; then\n    # print error to STDERR\n    echo \"error: The sandbox is not in sync with the Podfile.lock. Run 'pod install' or update your CocoaPods installation.\" >&2\n    exit 1\nfi\n# This output is used by Xcode 'outputs' to avoid re-running this script phase.\necho \"SUCCESS\" > \"${SCRIPT_OUTPUT_FILE_0}\"\n";
			showEnvVarsInLog = 0;
		};
		A047BB626AE642B283582B82 /* [CP] Check Pods Manifest.lock */ = {
			isa = PBXShellScriptBuildPhase;
			buildActionMask = 2147483647;
			files = (
			);
			inputPaths = (
				"${PODS_PODFILE_DIR_PATH}/Podfile.lock",
				"${PODS_ROOT}/Manifest.lock",
			);
			name = "[CP] Check Pods Manifest.lock";
			outputPaths = (
				"$(DERIVED_FILE_DIR)/Pods-ogc-api-features-json-iosTests-checkManifestLockResult.txt",
			);
			runOnlyForDeploymentPostprocessing = 0;
			shellPath = /bin/sh;
			shellScript = "diff \"${PODS_PODFILE_DIR_PATH}/Podfile.lock\" \"${PODS_ROOT}/Manifest.lock\" > /dev/null\nif [ $? != 0 ] ; then\n    # print error to STDERR\n    echo \"error: The sandbox is not in sync with the Podfile.lock. Run 'pod install' or update your CocoaPods installation.\" >&2\n    exit 1\nfi\n# This output is used by Xcode 'outputs' to avoid re-running this script phase.\necho \"SUCCESS\" > \"${SCRIPT_OUTPUT_FILE_0}\"\n";
			showEnvVarsInLog = 0;
		};
/* End PBXShellScriptBuildPhase section */

/* Begin PBXSourcesBuildPhase section */
		042FC6461B963FE500549A4B /* Sources */ = {
			isa = PBXSourcesBuildPhase;
			buildActionMask = 2147483647;
			files = (
				04E8E4AB22FB6E3A001696A2 /* OAFLink.m in Sources */,
				0493A5A22AE9560B000B75E6 /* ogc_api_features_json_ios.swift in Sources */,
				04E8E4A722FB6E16001696A2 /* OAFFeaturesConverter.m in Sources */,
				04E8E49322FB6D48001696A2 /* OAFCollection.m in Sources */,
				04E8E4A322FB6DF7001696A2 /* OAFFeatureCollection.m in Sources */,
				04E8E49B22FB6DA2001696A2 /* OAFCrs.m in Sources */,
				04E8E4AF22FB6E5D001696A2 /* OAFSpatial.m in Sources */,
				04E8E48F22FB6D1E001696A2 /* OAFFeaturesObject.m in Sources */,
				04E8E49722FB6D65001696A2 /* OAFCollections.m in Sources */,
				04E8E4B322FB6E89001696A2 /* OAFTemporal.m in Sources */,
				04E8E49F22FB6DC5001696A2 /* OAFExtent.m in Sources */,
			);
			runOnlyForDeploymentPostprocessing = 0;
		};
		042FC6521B963FE500549A4B /* Sources */ = {
			isa = PBXSourcesBuildPhase;
			buildActionMask = 2147483647;
			files = (
				04E8E4B922FC64E6001696A2 /* OAFTestUtils.m in Sources */,
				04E8E4B622FB6FC9001696A2 /* OAFFeaturesTest.m in Sources */,
			);
			runOnlyForDeploymentPostprocessing = 0;
		};
/* End PBXSourcesBuildPhase section */

/* Begin PBXTargetDependency section */
		042FC6591B963FE500549A4B /* PBXTargetDependency */ = {
			isa = PBXTargetDependency;
			target = 042FC64A1B963FE500549A4B /* ogc-api-features-json-ios */;
			targetProxy = 042FC6581B963FE500549A4B /* PBXContainerItemProxy */;
		};
/* End PBXTargetDependency section */

/* Begin XCBuildConfiguration section */
		042FC65F1B963FE500549A4B /* Debug */ = {
			isa = XCBuildConfiguration;
			buildSettings = {
				ALWAYS_SEARCH_USER_PATHS = NO;
				CLANG_ANALYZER_LOCALIZABILITY_NONLOCALIZED = YES;
				CLANG_CXX_LANGUAGE_STANDARD = "gnu++0x";
				CLANG_CXX_LIBRARY = "libc++";
				CLANG_ENABLE_MODULES = YES;
				CLANG_ENABLE_OBJC_ARC = YES;
				CLANG_WARN_BLOCK_CAPTURE_AUTORELEASING = YES;
				CLANG_WARN_BOOL_CONVERSION = YES;
				CLANG_WARN_COMMA = YES;
				CLANG_WARN_CONSTANT_CONVERSION = YES;
				CLANG_WARN_DEPRECATED_OBJC_IMPLEMENTATIONS = YES;
				CLANG_WARN_DIRECT_OBJC_ISA_USAGE = YES_ERROR;
				CLANG_WARN_EMPTY_BODY = YES;
				CLANG_WARN_ENUM_CONVERSION = YES;
				CLANG_WARN_INFINITE_RECURSION = YES;
				CLANG_WARN_INT_CONVERSION = YES;
				CLANG_WARN_NON_LITERAL_NULL_CONVERSION = YES;
				CLANG_WARN_OBJC_IMPLICIT_RETAIN_SELF = YES;
				CLANG_WARN_OBJC_LITERAL_CONVERSION = YES;
				CLANG_WARN_OBJC_ROOT_CLASS = YES_ERROR;
				CLANG_WARN_QUOTED_INCLUDE_IN_FRAMEWORK_HEADER = YES;
				CLANG_WARN_RANGE_LOOP_ANALYSIS = YES;
				CLANG_WARN_STRICT_PROTOTYPES = YES;
				CLANG_WARN_SUSPICIOUS_MOVE = YES;
				CLANG_WARN_UNREACHABLE_CODE = YES;
				CLANG_WARN__DUPLICATE_METHOD_MATCH = YES;
				"CODE_SIGN_IDENTITY[sdk=iphoneos*]" = "iPhone Developer";
				COPY_PHASE_STRIP = NO;
				CURRENT_PROJECT_VERSION = 1;
				DEBUG_INFORMATION_FORMAT = "dwarf-with-dsym";
				ENABLE_STRICT_OBJC_MSGSEND = YES;
				ENABLE_TESTABILITY = YES;
				ENABLE_USER_SCRIPT_SANDBOXING = YES;
				GCC_C_LANGUAGE_STANDARD = gnu99;
				GCC_DYNAMIC_NO_PIC = NO;
				GCC_NO_COMMON_BLOCKS = YES;
				GCC_OPTIMIZATION_LEVEL = 0;
				GCC_PREPROCESSOR_DEFINITIONS = (
					"DEBUG=1",
					"$(inherited)",
				);
				GCC_SYMBOLS_PRIVATE_EXTERN = NO;
				GCC_WARN_64_TO_32_BIT_CONVERSION = YES;
				GCC_WARN_ABOUT_RETURN_TYPE = YES_ERROR;
				GCC_WARN_UNDECLARED_SELECTOR = YES;
				GCC_WARN_UNINITIALIZED_AUTOS = YES_AGGRESSIVE;
				GCC_WARN_UNUSED_FUNCTION = YES;
				GCC_WARN_UNUSED_VARIABLE = YES;
				IPHONEOS_DEPLOYMENT_TARGET = 12.0;
				MTL_ENABLE_DEBUG_INFO = YES;
				ONLY_ACTIVE_ARCH = YES;
				PRODUCT_NAME = "";
				SDKROOT = iphoneos;
				TARGETED_DEVICE_FAMILY = "1,2";
				VERSIONING_SYSTEM = "apple-generic";
				VERSION_INFO_PREFIX = "";
			};
			name = Debug;
		};
		042FC6601B963FE500549A4B /* Release */ = {
			isa = XCBuildConfiguration;
			buildSettings = {
				ALWAYS_SEARCH_USER_PATHS = NO;
				CLANG_ANALYZER_LOCALIZABILITY_NONLOCALIZED = YES;
				CLANG_CXX_LANGUAGE_STANDARD = "gnu++0x";
				CLANG_CXX_LIBRARY = "libc++";
				CLANG_ENABLE_MODULES = YES;
				CLANG_ENABLE_OBJC_ARC = YES;
				CLANG_WARN_BLOCK_CAPTURE_AUTORELEASING = YES;
				CLANG_WARN_BOOL_CONVERSION = YES;
				CLANG_WARN_COMMA = YES;
				CLANG_WARN_CONSTANT_CONVERSION = YES;
				CLANG_WARN_DEPRECATED_OBJC_IMPLEMENTATIONS = YES;
				CLANG_WARN_DIRECT_OBJC_ISA_USAGE = YES_ERROR;
				CLANG_WARN_EMPTY_BODY = YES;
				CLANG_WARN_ENUM_CONVERSION = YES;
				CLANG_WARN_INFINITE_RECURSION = YES;
				CLANG_WARN_INT_CONVERSION = YES;
				CLANG_WARN_NON_LITERAL_NULL_CONVERSION = YES;
				CLANG_WARN_OBJC_IMPLICIT_RETAIN_SELF = YES;
				CLANG_WARN_OBJC_LITERAL_CONVERSION = YES;
				CLANG_WARN_OBJC_ROOT_CLASS = YES_ERROR;
				CLANG_WARN_QUOTED_INCLUDE_IN_FRAMEWORK_HEADER = YES;
				CLANG_WARN_RANGE_LOOP_ANALYSIS = YES;
				CLANG_WARN_STRICT_PROTOTYPES = YES;
				CLANG_WARN_SUSPICIOUS_MOVE = YES;
				CLANG_WARN_UNREACHABLE_CODE = YES;
				CLANG_WARN__DUPLICATE_METHOD_MATCH = YES;
				"CODE_SIGN_IDENTITY[sdk=iphoneos*]" = "iPhone Developer";
				COPY_PHASE_STRIP = NO;
				CURRENT_PROJECT_VERSION = 1;
				DEBUG_INFORMATION_FORMAT = "dwarf-with-dsym";
				ENABLE_NS_ASSERTIONS = NO;
				ENABLE_STRICT_OBJC_MSGSEND = YES;
				ENABLE_USER_SCRIPT_SANDBOXING = YES;
				GCC_C_LANGUAGE_STANDARD = gnu99;
				GCC_NO_COMMON_BLOCKS = YES;
				GCC_WARN_64_TO_32_BIT_CONVERSION = YES;
				GCC_WARN_ABOUT_RETURN_TYPE = YES_ERROR;
				GCC_WARN_UNDECLARED_SELECTOR = YES;
				GCC_WARN_UNINITIALIZED_AUTOS = YES_AGGRESSIVE;
				GCC_WARN_UNUSED_FUNCTION = YES;
				GCC_WARN_UNUSED_VARIABLE = YES;
				IPHONEOS_DEPLOYMENT_TARGET = 12.0;
				MTL_ENABLE_DEBUG_INFO = NO;
				PRODUCT_NAME = "";
				SDKROOT = iphoneos;
				SWIFT_COMPILATION_MODE = wholemodule;
				TARGETED_DEVICE_FAMILY = "1,2";
				VALIDATE_PRODUCT = YES;
				VERSIONING_SYSTEM = "apple-generic";
				VERSION_INFO_PREFIX = "";
			};
			name = Release;
		};
		042FC6621B963FE500549A4B /* Debug */ = {
			isa = XCBuildConfiguration;
			baseConfigurationReference = 457018C9103A514A78925D9E /* Pods-ogc-api-features-json-ios.debug.xcconfig */;
			buildSettings = {
				CLANG_ENABLE_MODULES = YES;
				CODE_SIGN_IDENTITY = "";
				DEFINES_MODULE = YES;
				DYLIB_COMPATIBILITY_VERSION = 1;
				DYLIB_CURRENT_VERSION = 1;
				DYLIB_INSTALL_NAME_BASE = "@rpath";
				ENABLE_MODULE_VERIFIER = YES;
				INFOPLIST_FILE = "ogc-api-features-json-ios/Info.plist";
				INSTALL_PATH = "$(LOCAL_LIBRARY_DIR)/Frameworks";
				LD_RUNPATH_SEARCH_PATHS = (
					"$(inherited)",
					"@executable_path/Frameworks",
					"@loader_path/Frameworks",
				);
				MODULE_VERIFIER_SUPPORTED_LANGUAGES = "objective-c objective-c++";
				MODULE_VERIFIER_SUPPORTED_LANGUAGE_STANDARDS = "gnu99 gnu++11";
				PRODUCT_NAME = ogc_api_features_json_ios;
				SKIP_INSTALL = YES;
				SWIFT_OPTIMIZATION_LEVEL = "-Onone";
				SWIFT_VERSION = 5.0;
			};
			name = Debug;
		};
		042FC6631B963FE500549A4B /* Release */ = {
			isa = XCBuildConfiguration;
			baseConfigurationReference = 192D9E5452A64EB6A7955A5A /* Pods-ogc-api-features-json-ios.release.xcconfig */;
			buildSettings = {
				CLANG_ENABLE_MODULES = YES;
				CODE_SIGN_IDENTITY = "";
				DEFINES_MODULE = YES;
				DYLIB_COMPATIBILITY_VERSION = 1;
				DYLIB_CURRENT_VERSION = 1;
				DYLIB_INSTALL_NAME_BASE = "@rpath";
				ENABLE_MODULE_VERIFIER = YES;
				INFOPLIST_FILE = "ogc-api-features-json-ios/Info.plist";
				INSTALL_PATH = "$(LOCAL_LIBRARY_DIR)/Frameworks";
				LD_RUNPATH_SEARCH_PATHS = (
					"$(inherited)",
					"@executable_path/Frameworks",
					"@loader_path/Frameworks",
				);
				MODULE_VERIFIER_SUPPORTED_LANGUAGES = "objective-c objective-c++";
				MODULE_VERIFIER_SUPPORTED_LANGUAGE_STANDARDS = "gnu99 gnu++11";
				PRODUCT_NAME = ogc_api_features_json_ios;
				SKIP_INSTALL = YES;
				SWIFT_VERSION = 5.0;
			};
			name = Release;
		};
		042FC6651B963FE500549A4B /* Debug */ = {
			isa = XCBuildConfiguration;
			baseConfigurationReference = 6179C77188B4A0E8D4DEDBEB /* Pods-ogc-api-features-json-iosTests.debug.xcconfig */;
			buildSettings = {
				ALWAYS_EMBED_SWIFT_STANDARD_LIBRARIES = YES;
				FRAMEWORK_SEARCH_PATHS = (
					"$(SDKROOT)/Developer/Library/Frameworks",
					"$(inherited)",
				);
				GCC_PREPROCESSOR_DEFINITIONS = (
					"DEBUG=1",
					"$(inherited)",
				);
				INFOPLIST_FILE = "ogc-api-features-json-iosTests/Info.plist";
				LD_RUNPATH_SEARCH_PATHS = (
					"$(inherited)",
					"@executable_path/Frameworks",
					"@loader_path/Frameworks",
				);
				PRODUCT_NAME = ogc_api_features_json_iosTests;
			};
			name = Debug;
		};
		042FC6661B963FE500549A4B /* Release */ = {
			isa = XCBuildConfiguration;
			baseConfigurationReference = B17E59AE80997CC09DD740D6 /* Pods-ogc-api-features-json-iosTests.release.xcconfig */;
			buildSettings = {
				ALWAYS_EMBED_SWIFT_STANDARD_LIBRARIES = YES;
				FRAMEWORK_SEARCH_PATHS = (
					"$(SDKROOT)/Developer/Library/Frameworks",
					"$(inherited)",
				);
				INFOPLIST_FILE = "ogc-api-features-json-iosTests/Info.plist";
				LD_RUNPATH_SEARCH_PATHS = (
					"$(inherited)",
					"@executable_path/Frameworks",
					"@loader_path/Frameworks",
				);
				PRODUCT_NAME = ogc_api_features_json_iosTests;
			};
			name = Release;
		};
/* End XCBuildConfiguration section */

/* Begin XCConfigurationList section */
		042FC6451B963FE500549A4B /* Build configuration list for PBXProject "ogc-api-features-json-ios" */ = {
			isa = XCConfigurationList;
			buildConfigurations = (
				042FC65F1B963FE500549A4B /* Debug */,
				042FC6601B963FE500549A4B /* Release */,
			);
			defaultConfigurationIsVisible = 0;
			defaultConfigurationName = Release;
		};
		042FC6611B963FE500549A4B /* Build configuration list for PBXNativeTarget "ogc-api-features-json-ios" */ = {
			isa = XCConfigurationList;
			buildConfigurations = (
				042FC6621B963FE500549A4B /* Debug */,
				042FC6631B963FE500549A4B /* Release */,
			);
			defaultConfigurationIsVisible = 0;
			defaultConfigurationName = Release;
		};
		042FC6641B963FE500549A4B /* Build configuration list for PBXNativeTarget "ogc-api-features-json-iosTests" */ = {
			isa = XCConfigurationList;
			buildConfigurations = (
				042FC6651B963FE500549A4B /* Debug */,
				042FC6661B963FE500549A4B /* Release */,
			);
			defaultConfigurationIsVisible = 0;
			defaultConfigurationName = Release;
		};
/* End XCConfigurationList section */
	};
	rootObject = 042FC6421B963FE500549A4B /* Project object */;
}
